
Microsoft Visual Studio Solution File, Format Version 12.00
# Visual Studio 15
VisualStudioVersion = 15.0.26124.0
MinimumVisualStudioVersion = 15.0.26124.0
Project("{2150E333-8FDC-42A3-9474-1A3956D46DE8}") = "src", "src", "{01B14DDE-4054-41EA-B6E9-CAAB7FDFAACE}"
EndProject
Project("{FAE04EC0-301F-11D3-BF4B-00C04F79EFBC}") = "API", "src\API\API.csproj", "{2468ED46-A185-4405-801C-DAC3F5C47B19}"
EndProject
Project("{FAE04EC0-301F-11D3-BF4B-00C04F79EFBC}") = "Models", "src\Models\Models.csproj", "{0EEEF5AA-3175-4FD2-9AD0-4B4669C21F52}"
EndProject
Project("{FAE04EC0-301F-11D3-BF4B-00C04F79EFBC}") = "Data", "src\Data\Data.csproj", "{E0CCA95F-158B-4889-BCAD-0A4A288938EB}"
EndProject
Global
	GlobalSection(SolutionConfigurationPlatforms) = preSolution
		Debug|Any CPU = Debug|Any CPU
		Debug|x64 = Debug|x64
		Debug|x86 = Debug|x86
		Release|Any CPU = Release|Any CPU
		Release|x64 = Release|x64
		Release|x86 = Release|x86
	EndGlobalSection
	GlobalSection(SolutionProperties) = preSolution
		HideSolutionNode = FALSE
	EndGlobalSection
	GlobalSection(ProjectConfigurationPlatforms) = postSolution
		{2468ED46-A185-4405-801C-DAC3F5C47B19}.Debug|Any CPU.ActiveCfg = Debug|Any CPU
		{2468ED46-A185-4405-801C-DAC3F5C47B19}.Debug|Any CPU.Build.0 = Debug|Any CPU
		{2468ED46-A185-4405-801C-DAC3F5C47B19}.Debug|x64.ActiveCfg = Debug|Any CPU
		{2468ED46-A185-4405-801C-DAC3F5C47B19}.Debug|x64.Build.0 = Debug|Any CPU
		{2468ED46-A185-4405-801C-DAC3F5C47B19}.Debug|x86.ActiveCfg = Debug|Any CPU
		{2468ED46-A185-4405-801C-DAC3F5C47B19}.Debug|x86.Build.0 = Debug|Any CPU
		{2468ED46-A185-4405-801C-DAC3F5C47B19}.Release|Any CPU.ActiveCfg = Release|Any CPU
		{2468ED46-A185-4405-801C-DAC3F5C47B19}.Release|Any CPU.Build.0 = Release|Any CPU
		{2468ED46-A185-4405-801C-DAC3F5C47B19}.Release|x64.ActiveCfg = Release|Any CPU
		{2468ED46-A185-4405-801C-DAC3F5C47B19}.Release|x64.Build.0 = Release|Any CPU
		{2468ED46-A185-4405-801C-DAC3F5C47B19}.Release|x86.ActiveCfg = Release|Any CPU
		{2468ED46-A185-4405-801C-DAC3F5C47B19}.Release|x86.Build.0 = Release|Any CPU
		{0EEEF5AA-3175-4FD2-9AD0-4B4669C21F52}.Debug|Any CPU.ActiveCfg = Debug|Any CPU
		{0EEEF5AA-3175-4FD2-9AD0-4B4669C21F52}.Debug|Any CPU.Build.0 = Debug|Any CPU
		{0EEEF5AA-3175-4FD2-9AD0-4B4669C21F52}.Debug|x64.ActiveCfg = Debug|Any CPU
		{0EEEF5AA-3175-4FD2-9AD0-4B4669C21F52}.Debug|x64.Build.0 = Debug|Any CPU
		{0EEEF5AA-3175-4FD2-9AD0-4B4669C21F52}.Debug|x86.ActiveCfg = Debug|Any CPU
		{0EEEF5AA-3175-4FD2-9AD0-4B4669C21F52}.Debug|x86.Build.0 = Debug|Any CPU
		{0EEEF5AA-3175-4FD2-9AD0-4B4669C21F52}.Release|Any CPU.ActiveCfg = Release|Any CPU
		{0EEEF5AA-3175-4FD2-9AD0-4B4669C21F52}.Release|Any CPU.Build.0 = Release|Any CPU
		{0EEEF5AA-3175-4FD2-9AD0-4B4669C21F52}.Release|x64.ActiveCfg = Release|Any CPU
		{0EEEF5AA-3175-4FD2-9AD0-4B4669C21F52}.Release|x64.Build.0 = Release|Any CPU
		{0EEEF5AA-3175-4FD2-9AD0-4B4669C21F52}.Release|x86.ActiveCfg = Release|Any CPU
		{0EEEF5AA-3175-4FD2-9AD0-4B4669C21F52}.Release|x86.Build.0 = Release|Any CPU
		{E0CCA95F-158B-4889-BCAD-0A4A288938EB}.Debug|Any CPU.ActiveCfg = Debug|Any CPU
		{E0CCA95F-158B-4889-BCAD-0A4A288938EB}.Debug|Any CPU.Build.0 = Debug|Any CPU
		{E0CCA95F-158B-4889-BCAD-0A4A288938EB}.Debug|x64.ActiveCfg = Debug|Any CPU
		{E0CCA95F-158B-4889-BCAD-0A4A288938EB}.Debug|x64.Build.0 = Debug|Any CPU
		{E0CCA95F-158B-4889-BCAD-0A4A288938EB}.Debug|x86.ActiveCfg = Debug|Any CPU
		{E0CCA95F-158B-4889-BCAD-0A4A288938EB}.Debug|x86.Build.0 = Debug|Any CPU
		{E0CCA95F-158B-4889-BCAD-0A4A288938EB}.Release|Any CPU.ActiveCfg = Release|Any CPU
		{E0CCA95F-158B-4889-BCAD-0A4A288938EB}.Release|Any CPU.Build.0 = Release|Any CPU
		{E0CCA95F-158B-4889-BCAD-0A4A288938EB}.Release|x64.ActiveCfg = Release|Any CPU
		{E0CCA95F-158B-4889-BCAD-0A4A288938EB}.Release|x64.Build.0 = Release|Any CPU
		{E0CCA95F-158B-4889-BCAD-0A4A288938EB}.Release|x86.ActiveCfg = Release|Any CPU
		{E0CCA95F-158B-4889-BCAD-0A4A288938EB}.Release|x86.Build.0 = Release|Any CPU
	EndGlobalSection
	GlobalSection(NestedProjects) = preSolution
		{2468ED46-A185-4405-801C-DAC3F5C47B19} = {01B14DDE-4054-41EA-B6E9-CAAB7FDFAACE}
		{0EEEF5AA-3175-4FD2-9AD0-4B4669C21F52} = {01B14DDE-4054-41EA-B6E9-CAAB7FDFAACE}
		{E0CCA95F-158B-4889-BCAD-0A4A288938EB} = {01B14DDE-4054-41EA-B6E9-CAAB7FDFAACE}
	EndGlobalSection
EndGlobal
